
Microsoft Visual Studio Solution File, Format Version 12.00
# Visual Studio Version 16
VisualStudioVersion = 16.0.29509.3
MinimumVisualStudioVersion = 10.0.40219.1
Project("{FAE04EC0-301F-11D3-BF4B-00C04F79EFBC}") = "Bibliotek", "Bibliotek\Bibliotek.csproj", "{B4739A8E-AFF1-4994-BA57-9083728FA016}"
EndProject
Project("{FAE04EC0-301F-11D3-BF4B-00C04F79EFBC}") = "DataLayer", "DataLayer\DataLayer.csproj", "{8BC02AF4-A607-41AB-9785-ED9055C958D3}"
EndProject
Global
	GlobalSection(SolutionConfigurationPlatforms) = preSolution
		Debug|Any CPU = Debug|Any CPU
		Release|Any CPU = Release|Any CPU
	EndGlobalSection
	GlobalSection(ProjectConfigurationPlatforms) = postSolution
		{B4739A8E-AFF1-4994-BA57-9083728FA016}.Debug|Any CPU.ActiveCfg = Debug|Any CPU
		{B4739A8E-AFF1-4994-BA57-9083728FA016}.Debug|Any CPU.Build.0 = Debug|Any CPU
		{B4739A8E-AFF1-4994-BA57-9083728FA016}.Release|Any CPU.ActiveCfg = Release|Any CPU
		{B4739A8E-AFF1-4994-BA57-9083728FA016}.Release|Any CPU.Build.0 = Release|Any CPU
		{8BC02AF4-A607-41AB-9785-ED9055C958D3}.Debug|Any CPU.ActiveCfg = Debug|Any CPU
		{8BC02AF4-A607-41AB-9785-ED9055C958D3}.Debug|Any CPU.Build.0 = Debug|Any CPU
		{8BC02AF4-A607-41AB-9785-ED9055C958D3}.Release|Any CPU.ActiveCfg = Release|Any CPU
		{8BC02AF4-A607-41AB-9785-ED9055C958D3}.Release|Any CPU.Build.0 = Release|Any CPU
	EndGlobalSection
	GlobalSection(SolutionProperties) = preSolution
		HideSolutionNode = FALSE
	EndGlobalSection
	GlobalSection(ExtensibilityGlobals) = postSolution
		SolutionGuid = {A764F2F4-A05E-47A8-BA35-81D8E77C98D9}
	EndGlobalSection
EndGlobal
